{
  "name": "text-adventure-engine",
  "version": "1.0.0",
  "lockfileVersion": 1,
  "requires": true,
  "dependencies": {
    "regops": {
      "version": "1.2.1",
      "resolved": "https://registry.npmjs.org/regops/-/regops-1.2.1.tgz",
      "integrity": "sha512-in3EPHhmlhkRnw7agjFgOS5xxWcEJKxB8xjPtjc+PUInxpzI035dyLVkOT/jd12WaKYn9sleM4mEW1DcrKQXJQ=="
    },
    "tsc": {
      "version": "1.20150623.0",
      "resolved": "https://registry.npmjs.org/tsc/-/tsc-1.20150623.0.tgz",
      "integrity": "sha1-Trw8d04WkUjLx2inNCUz8ILHpuU=",
      "dev": true
    },
    "typescript": {
      "version": "3.6.4",
      "resolved": "https://registry.npmjs.org/typescript/-/typescript-3.6.4.tgz",
      "integrity": "sha512-unoCll1+l+YK4i4F8f22TaNVPRHcD9PA3yCuZ8g5e0qGqlVlJ/8FSateOLLSagn+Yg5+ZwuPkL8LFUc0Jcvksg==",
      "dev": true
    }
  }
}
